{
    "name": "node-red-contrib-omron-fins",
    "version": "0.1.0",
    "lockfileVersion": 1,
    "requires": true,
    "dependencies": {
        "omron-fins": {
            "version": "github:Steve-Mcl/node-omron-fins#af520c7d330f966aa76ea66f4cf658fb39950cd8",
            "from": "github:Steve-Mcl/node-omron-fins"
        }
    }
}
