{
    "name": "node-red-contrib-omron-fins",
    "version": "0.1.0",
    "lockfileVersion": 1,
    "requires": true,
    "dependencies": {
        "omron-fins": {
            "version": "0.1.2",
            "resolved": "https://registry.npmjs.org/omron-fins/-/omron-fins-0.1.2.tgz",
            "integrity": "sha512-xt7x7BIW3mmaAE9GpTE/SwerCDCmN9Z7nIldj6I2Agqy9k5aOLchjDrmL9hO8iJH0x0/LpEO9PqcFETHju/lJg=="
        }
    }
}
